<?xml version="1.0" encoding="utf-8"?>
<Project ToolsVersion="4.0" xmlns="http://schemas.microsoft.com/developer/msbuild/2003">
  <ItemGroup>
    <Filter Include="Source Files">
      <UniqueIdentifier>{4FC737F1-C7A5-4376-A066-2A32D752A2FF}</UniqueIdentifier>
      <Extensions>cpp;c;cc;cxx;def;odl;idl;hpj;bat;asm;asmx</Extensions>
    </Filter>
    <Filter Include="Header Files">
      <UniqueIdentifier>{93995380-89BD-4b04-88EB-625FBE52EBFB}</UniqueIdentifier>
      <Extensions>h;hh;hpp;hxx;hm;inl;inc;ipp;xsd</Extensions>
    </Filter>
    <Filter Include="Resource Files">
      <UniqueIdentifier>{67DA6AB6-F800-4c08-8B7A-83BB121AAD01}</UniqueIdentifier>
      <Extensions>rc;ico;cur;bmp;dlg;rc2;rct;bin;rgs;gif;jpg;jpeg;jpe;resx;tiff;tif;png;wav;mfcribbon-ms</Extensions>
    </Filter>
    <Filter Include="Header Files\Enemies">
      <UniqueIdentifier>{f12ee890-9f2b-4a73-876d-a4a43bda7e16}</UniqueIdentifier>
    </Filter>
    <Filter Include="Source Files\Enemies">
      <UniqueIdentifier>{f588f429-841e-4965-b9c4-6f73ae32ac95}</UniqueIdentifier>
    </Filter>
    <Filter Include="Source Files\Core">
      <UniqueIdentifier>{08f3db1c-9f2d-4c52-a811-3fef1d57c69a}</UniqueIdentifier>
    </Filter>
    <Filter Include="Header Files\Core">
      <UniqueIdentifier>{e616930c-4fdd-4c3c-a95a-8a100723f807}</UniqueIdentifier>
    </Filter>
    <Filter Include="Header Files\PathFinding">
      <UniqueIdentifier>{20dccc52-5098-46f5-95a5-28105513a7e3}</UniqueIdentifier>
    </Filter>
    <Filter Include="Source Files\PathFinding">
      <UniqueIdentifier>{ec7aa24e-10fe-45a1-aadb-27afba8d05af}</UniqueIdentifier>
    </Filter>
  </ItemGroup>
  <ItemGroup>
    <ClInclude Include="pch.h">
      <Filter>Header Files</Filter>
    </ClInclude>
    <ClInclude Include="StunTower.h">
      <Filter>Header Files</Filter>
    </ClInclude>
    <ClInclude Include="RegularTower.h">
      <Filter>Header Files</Filter>
    </ClInclude>
    <ClInclude Include="ITower.h">
      <Filter>Header Files</Filter>
    </ClInclude>
    <ClInclude Include="ExplosiveTower.h">
      <Filter>Header Files</Filter>
    </ClInclude>
    <ClInclude Include="Bullet.h">
      <Filter>Header Files</Filter>
    </ClInclude>
    <ClInclude Include="ConfigTower.h">
      <Filter>Header Files</Filter>
    </ClInclude>
    <ClInclude Include="bulletType.h">
      <Filter>Header Files</Filter>
    </ClInclude>
    <ClInclude Include="Enemy.h">
      <Filter>Header Files\Enemies</Filter>
    </ClInclude>
    <ClInclude Include="EnemyArmy.h">
      <Filter>Header Files\Enemies</Filter>
    </ClInclude>
    <ClInclude Include="EnemyConfig.h">
      <Filter>Header Files\Enemies</Filter>
    </ClInclude>
    <ClInclude Include="HealerEnemy.h">
      <Filter>Header Files\Enemies</Filter>
    </ClInclude>
    <ClInclude Include="App.h">
      <Filter>Header Files\Core</Filter>
    </ClInclude>
    <ClInclude Include="GameEntity.h">
      <Filter>Header Files\Core</Filter>
    </ClInclude>
    <ClInclude Include="GameMap.h">
      <Filter>Header Files\Core</Filter>
    </ClInclude>
    <ClInclude Include="IGameManager.h">
      <Filter>Header Files\Core</Filter>
    </ClInclude>
    <ClInclude Include="Pool.h">
      <Filter>Header Files\Core</Filter>
    </ClInclude>
    <ClInclude Include="PooledObject.h">
      <Filter>Header Files\Core</Filter>
    </ClInclude>
    <ClInclude Include="Renderer.h">
      <Filter>Header Files\Core</Filter>
    </ClInclude>
    <ClInclude Include="Sprite.h">
      <Filter>Header Files\Core</Filter>
    </ClInclude>
    <ClInclude Include="TowerDefenseGameManager.h">
      <Filter>Header Files\Core</Filter>
    </ClInclude>
    <ClInclude Include="utility.h">
      <Filter>Header Files\Core</Filter>
    </ClInclude>
    <ClInclude Include="Graph.h">
      <Filter>Header Files\PathFinding</Filter>
    </ClInclude>
    <ClInclude Include="Node.h">
      <Filter>Header Files\PathFinding</Filter>
    </ClInclude>
    <ClInclude Include="Edge.h">
      <Filter>Header Files\PathFinding</Filter>
    </ClInclude>
    <ClInclude Include="IPathFinder.h">
      <Filter>Header Files\PathFinding</Filter>
    </ClInclude>
    <ClInclude Include="Dijkstra.h">
      <Filter>Header Files\PathFinding</Filter>
    </ClInclude>
    <ClInclude Include="AStar.h">
      <Filter>Header Files\PathFinding</Filter>
    </ClInclude>
    <ClInclude Include="OpenClosedLists.h">
      <Filter>Header Files\PathFinding</Filter>
    </ClInclude>
    <ClInclude Include="OpenClosedLists.hpp">
      <Filter>Header Files\PathFinding</Filter>
    </ClInclude>
    <ClInclude Include="EnemyWave.h">
      <Filter>Header Files\Enemies</Filter>
    </ClInclude>
    <ClInclude Include="EnemyType.h">
      <Filter>Header Files\Enemies</Filter>
    </ClInclude>
    <ClInclude Include="EnemyArmyConfig.h">
      <Filter>Header Files\Enemies</Filter>
    </ClInclude>
  </ItemGroup>
  <ItemGroup>
    <ClCompile Include="pch.cpp">
      <Filter>Source Files</Filter>
    </ClCompile>
    <ClCompile Include="main.cpp">
      <Filter>Source Files</Filter>
    </ClCompile>
    <ClCompile Include="StunTower.cpp">
      <Filter>Source Files</Filter>
    </ClCompile>
    <ClCompile Include="RegularTower.cpp">
      <Filter>Source Files</Filter>
    </ClCompile>
    <ClCompile Include="ITower.cpp">
      <Filter>Source Files</Filter>
    </ClCompile>
    <ClCompile Include="ExplosiveTower.cpp">
      <Filter>Source Files</Filter>
    </ClCompile>
    <ClCompile Include="Bullet.cpp">
      <Filter>Source Files</Filter>
    </ClCompile>
    <ClCompile Include="Enemy.cpp">
      <Filter>Source Files\Enemies</Filter>
    </ClCompile>
    <ClCompile Include="EnemyArmy.cpp">
      <Filter>Source Files\Enemies</Filter>
    </ClCompile>
    <ClCompile Include="EnemyConfig.cpp">
      <Filter>Source Files\Enemies</Filter>
    </ClCompile>
    <ClCompile Include="HealerEnemy.cpp">
      <Filter>Source Files\Enemies</Filter>
    </ClCompile>
    <ClCompile Include="App.cpp">
      <Filter>Source Files\Core</Filter>
    </ClCompile>
    <ClCompile Include="GameEntity.cpp">
      <Filter>Source Files\Core</Filter>
    </ClCompile>
    <ClCompile Include="GameMap.cpp">
      <Filter>Source Files\Core</Filter>
    </ClCompile>
    <ClCompile Include="IGameManager.cpp">
      <Filter>Source Files\Core</Filter>
    </ClCompile>
    <ClCompile Include="PooledObject.cpp">
      <Filter>Source Files\Core</Filter>
    </ClCompile>
    <ClCompile Include="Renderer.cpp">
      <Filter>Source Files\Core</Filter>
    </ClCompile>
    <ClCompile Include="Sprite.cpp">
      <Filter>Source Files\Core</Filter>
    </ClCompile>
    <ClCompile Include="TowerDefenseGameManager.cpp">
      <Filter>Source Files\Core</Filter>
    </ClCompile>
    <ClCompile Include="utility.cpp">
      <Filter>Source Files\Core</Filter>
    </ClCompile>
    <ClCompile Include="Graph.cpp">
      <Filter>Source Files\PathFinding</Filter>
    </ClCompile>
    <ClCompile Include="Node.cpp">
      <Filter>Source Files\PathFinding</Filter>
    </ClCompile>
    <ClCompile Include="ConfigTower.cpp">
      <Filter>Source Files</Filter>
    </ClCompile>
    <ClCompile Include="Dijkstra.cpp">
      <Filter>Source Files\PathFinding</Filter>
    </ClCompile>
    <ClCompile Include="IPathFinder.cpp">
      <Filter>Source Files\PathFinding</Filter>
    </ClCompile>
    <ClCompile Include="AStar.cpp">
      <Filter>Source Files\PathFinding</Filter>
    </ClCompile>
    <ClCompile Include="EnemyArmyConfig.cpp">
      <Filter>Source Files\Enemies</Filter>
    </ClCompile>
    <ClCompile Include="EnemyWave.cpp">
      <Filter>Source Files\Enemies</Filter>
    </ClCompile>
  </ItemGroup>
</Project>